
Microsoft Visual Studio Solution File, Format Version 12.00
# Visual Studio Version 16
VisualStudioVersion = 25.0.1703.3
MinimumVisualStudioVersion = 10.0.40219.1
Project("{FAE04EC0-301F-11D3-BF4B-00C04F79EFBC}") = "Compilers.Lab1", "Compilers.Lab1\Compilers.Lab1.csproj", "{48EB4E5B-7CDF-4884-949E-F6733B9BA8C8}"
EndProject
Project("{FAE04EC0-301F-11D3-BF4B-00C04F79EFBC}") = "Compilers.Lab2", "Compilers.Lab2\Compilers.Lab2.csproj", "{515CA383-0E9E-4490-9A56-96D9C28AF694}"
EndProject
Global
	GlobalSection(SolutionConfigurationPlatforms) = preSolution
		Debug|Any CPU = Debug|Any CPU
		Release|Any CPU = Release|Any CPU
	EndGlobalSection
	GlobalSection(ProjectConfigurationPlatforms) = postSolution
		{48EB4E5B-7CDF-4884-949E-F6733B9BA8C8}.Debug|Any CPU.ActiveCfg = Debug|Any CPU
		{48EB4E5B-7CDF-4884-949E-F6733B9BA8C8}.Debug|Any CPU.Build.0 = Debug|Any CPU
		{48EB4E5B-7CDF-4884-949E-F6733B9BA8C8}.Release|Any CPU.ActiveCfg = Release|Any CPU
		{48EB4E5B-7CDF-4884-949E-F6733B9BA8C8}.Release|Any CPU.Build.0 = Release|Any CPU
		{515CA383-0E9E-4490-9A56-96D9C28AF694}.Debug|Any CPU.ActiveCfg = Debug|Any CPU
		{515CA383-0E9E-4490-9A56-96D9C28AF694}.Debug|Any CPU.Build.0 = Debug|Any CPU
		{515CA383-0E9E-4490-9A56-96D9C28AF694}.Release|Any CPU.ActiveCfg = Release|Any CPU
		{515CA383-0E9E-4490-9A56-96D9C28AF694}.Release|Any CPU.Build.0 = Release|Any CPU
	EndGlobalSection
	GlobalSection(SolutionProperties) = preSolution
		HideSolutionNode = FALSE
	EndGlobalSection
	GlobalSection(ExtensibilityGlobals) = postSolution
		SolutionGuid = {938C56F2-BF49-4116-844E-5728993C52E6}
	EndGlobalSection
EndGlobal
